{
  "version": 4,
  "terraform_version": "1.11.1",
  "serial": 17,
  "lineage": "7831e70d-79cb-af1b-4fe4-d7a800753f37",
  "outputs": {
    "gce_disk_name": {
      "value": "db-disk",
      "type": "string"
    },
    "gke_cluster_name": {
      "value": "my-cluster",
      "type": "string"
    }
  },
  "resources": [
    {
      "mode": "managed",
      "type": "google_compute_disk",
      "name": "db_disk",
      "provider": "provider[\"registry.terraform.io/hashicorp/google\"]",
      "instances": [
        {
          "schema_version": 0,
          "attributes": {
            "async_primary_disk": [],
            "creation_timestamp": "2025-03-19T09:46:10.156-07:00",
            "description": "",
            "disk_encryption_key": [],
            "effective_labels": {},
            "guest_os_features": [],
            "id": "projects/tuto-kube/zones/europe-west9-a/disks/db-disk",
            "image": "",
            "label_fingerprint": "42WmSpB8rSM=",
            "labels": {},
            "last_attach_timestamp": "",
            "last_detach_timestamp": "",
            "licenses": [],
            "name": "db-disk",
            "physical_block_size_bytes": 4096,
            "project": "tuto-kube",
            "provisioned_iops": 0,
            "provisioned_throughput": 0,
            "self_link": "https://www.googleapis.com/compute/v1/projects/tuto-kube/zones/europe-west9-a/disks/db-disk",
            "size": 1,
            "snapshot": "",
            "source_disk": "",
            "source_disk_id": "",
            "source_image_encryption_key": [],
            "source_image_id": "",
            "source_snapshot_encryption_key": [],
            "source_snapshot_id": "",
            "terraform_labels": {},
            "timeouts": null,
            "type": "pd-standard",
            "users": [],
            "zone": "europe-west9-a"
          },
          "sensitive_attributes": [],
          "private": "eyJlMmJmYjczMC1lY2FhLTExZTYtOGY4OC0zNDM2M2JjN2M0YzAiOnsiY3JlYXRlIjoxMjAwMDAwMDAwMDAwLCJkZWxldGUiOjEyMDAwMDAwMDAwMDAsInVwZGF0ZSI6MTIwMDAwMDAwMDAwMH19"
        }
      ]
    },
    {
      "mode": "managed",
      "type": "google_container_cluster",
      "name": "gke_cluster",
      "provider": "provider[\"registry.terraform.io/hashicorp/google\"]",
      "instances": [
        {
          "schema_version": 2,
          "attributes": {
            "addons_config": [
              {
                "cloudrun_config": [],
                "config_connector_config": [],
                "dns_cache_config": [],
                "gce_persistent_disk_csi_driver_config": [
                  {
                    "enabled": true
                  }
                ],
                "gcp_filestore_csi_driver_config": [],
                "gcs_fuse_csi_driver_config": [],
                "gke_backup_agent_config": [],
                "horizontal_pod_autoscaling": [],
                "http_load_balancing": [],
                "network_policy_config": [
                  {
                    "disabled": true
                  }
                ]
              }
            ],
            "allow_net_admin": null,
            "authenticator_groups_config": [],
            "binary_authorization": [
              {
                "enabled": false,
                "evaluation_mode": ""
              }
            ],
            "cluster_autoscaling": [
              {
                "auto_provisioning_defaults": [],
                "enabled": false,
                "resource_limits": []
              }
            ],
            "cluster_ipv4_cidr": "10.40.0.0/14",
            "confidential_nodes": [],
            "cost_management_config": [],
            "database_encryption": [
              {
                "key_name": "",
                "state": "DECRYPTED"
              }
            ],
            "datapath_provider": "",
            "default_max_pods_per_node": 110,
            "default_snat_status": [
              {
                "disabled": false
              }
            ],
            "deletion_protection": true,
            "description": "",
            "dns_config": [],
            "enable_autopilot": false,
            "enable_intranode_visibility": false,
            "enable_k8s_beta_apis": [],
            "enable_kubernetes_alpha": false,
            "enable_l4_ilb_subsetting": false,
            "enable_legacy_abac": false,
            "enable_shielded_nodes": true,
            "enable_tpu": false,
            "endpoint": "34.163.198.56",
            "fleet": [],
            "gateway_api_config": [],
            "id": "projects/tuto-kube/locations/europe-west9-a/clusters/my-cluster",
            "identity_service_config": [],
            "initial_node_count": 3,
            "ip_allocation_policy": [
              {
                "additional_pod_ranges_config": [],
                "cluster_ipv4_cidr_block": "10.40.0.0/14",
                "cluster_secondary_range_name": "gke-my-cluster-pods-25e4b939",
                "pod_cidr_overprovision_config": [
                  {
                    "disabled": false
                  }
                ],
                "services_ipv4_cidr_block": "34.118.224.0/20",
                "services_secondary_range_name": "",
                "stack_type": "IPV4"
              }
            ],
            "label_fingerprint": "a9dc16a7",
            "location": "europe-west9-a",
            "logging_config": [
              {
                "enable_components": [
                  "SYSTEM_COMPONENTS",
                  "WORKLOADS"
                ]
              }
            ],
            "logging_service": "logging.googleapis.com/kubernetes",
            "maintenance_policy": [],
            "master_auth": [
              {
                "client_certificate": "",
                "client_certificate_config": [
                  {
                    "issue_client_certificate": false
                  }
                ],
                "client_key": "",
                "cluster_ca_certificate": "LS0tLS1CRUdJTiBDRVJUSUZJQ0FURS0tLS0tCk1JSUVMRENDQXBTZ0F3SUJBZ0lRRDlONldLYlVGR0I0SXdNbDBKYnl4VEFOQmdrcWhraUc5dzBCQVFzRkFEQXYKTVMwd0t3WURWUVFERXlRM05qSTBabVZsTkMwek16QmlMVFEwTUdVdE9XUTVOaTFqTkdKbU4ySmhOamN3TW1RdwpJQmNOTWpVd016RTVNVFUxTlRNd1doZ1BNakExTlRBek1USXhOalUxTXpCYU1DOHhMVEFyQmdOVkJBTVRKRGMyCk1qUm1aV1UwTFRNek1HSXRORFF3WlMwNVpEazJMV00wWW1ZM1ltRTJOekF5WkRDQ0FhSXdEUVlKS29aSWh2Y04KQVFFQkJRQURnZ0dQQURDQ0FZb0NnZ0dCQUxSRVk1eW9QSFRjMzdNTFBtTklsK3VSRWR2NS80dnJKakFNN1IxYQplR081Q0h0VEIvM2dVMlF1NGgwdW5pY3d1WS9WNWpSdGJ1Yk8wRXVWaUpBQXdjai81SkNaK09kWVEyQVRRUnZlCk02NW5GWmIzRDMrZkRNYkJPYlhzc21pRTdTMGJrTS9BRHNHdVJBUitwOC9QZXdOMllPMk5kL0Q2SzRRUzZ3RUwKekpid2MveFQ2WlZHRVhNbHFJVVZHd0x5aFM1S1JoM215RThyR0lTWVlFWjVYUUZLamVRMUlMb0trT0E4VkRIZApoK2p3Y1BXd3VJNFBXVHN5N3YyRmltanA1WnJpZGdOcDQ3TGNYZ2ZGR2RvQ3FVSG5LYWt0VC9yejJCaHhXbnRQCm1acm1CV2swUkthVTgxbnRlUFZXQ21WSnArNFZCTDFKWHd3RkMwTHdpaXJBNEtCYTkyTmFSbVMxakx2RmVnbUIKVzh3NmNtZVZwSkZadWVBVXN0V2lyY0R6ZUdxUmNvNERiQ1VNZmFSaWZFTWY1SE9aclVoUks1Qk02RWRVRHVuZApKK3FaSDBxeTR0RUU1NU14Q2NqNUc2cHN6azRhZDNGQ1ZJanF6MGRURjZZaHdXbVdWUU9DK2xDTUl3TndDTHZVCmswRUFjZW92QnYwdEhrR3pUUThCOVJVakFRSURBUUFCbzBJd1FEQU9CZ05WSFE4QkFmOEVCQU1DQWdRd0R3WUQKVlIwVEFRSC9CQVV3QXdFQi96QWRCZ05WSFE0RUZnUVVTdDlKZmlrQ0V5V1pLZ3JacldVNzFkR0dqUG93RFFZSgpLb1pJaHZjTkFRRUxCUUFEZ2dHQkFCMW16Qnh6ejRkalpDQ0NHYkhVRFQ4MHpCQk9jaHBXdkJKemdBSm83a0FQCmdydm9zMHIyQk1aUFVjZWM4Z0dqUEtISm1DNWowTzdIZzJtV0ZvWVpTU2cxL2tmRFUzYjFreVJtSnJCRFplTUMKN0lxcGgwUXZFRGtwby9pR1duWjArUDVGZXZlcmFLbW5QMi9xa1M0Q0J2eWNwcWs5R1VKaEx0T1VxL2UxZkZLcQpkVEdmOG8reVBURVIxcDJQV0pvdFpoZHVBZXFlcVoyV1RkaE5iMHdUdWZmR2lkbngzRDVnUHhSYi91R1hpMDdkCkdCeWxNZk1hN2JGcnRRV0MrNnUwRHI0dVN5REQycURjN08remtOeDNDL1lpKzZLbno2R3hYQTJOa3ZlNGJQQ1oKdTJjcC81TFgzcVFuTTFGeW9lRFdSbjExUGdZY25qS1pQWEtYcFJkTm82eDJKS2Q1OEJuaC9TdURZUWV1dnV4YgpYVXNCcVBrRmZZSDhhb1FKU0NsaG5MZGIxWmttd21yazRpcGI0WXcrcitSS2EvWEhETkQwNE5IdG1mREhaa1BDCmxPYWdKYmlvVFF0RmhGMGJMYVk3RXEwdmEzbWFvcnVUa1VUYi95dzIxREEvR003ZnJ4bHdNUzdPWGZvY2pGeWoKNUs2NU9lMnUvZGNZQXlYdVNOKzN5Zz09Ci0tLS0tRU5EIENFUlRJRklDQVRFLS0tLS0K"
              }
            ],
            "master_authorized_networks_config": [],
            "master_version": "1.31.6-gke.1020000",
            "mesh_certificates": [],
            "min_master_version": null,
            "monitoring_config": [
              {
                "advanced_datapath_observability_config": [
                  {
                    "enable_metrics": false,
                    "relay_mode": ""
                  }
                ],
                "enable_components": [
                  "SYSTEM_COMPONENTS",
                  "DEPLOYMENT",
                  "STATEFULSET",
                  "STORAGE",
                  "HPA",
                  "POD",
                  "DAEMONSET",
                  "CADVISOR",
                  "KUBELET"
                ],
                "managed_prometheus": [
                  {
                    "enabled": true
                  }
                ]
              }
            ],
            "monitoring_service": "monitoring.googleapis.com/kubernetes",
            "name": "my-cluster",
            "network": "projects/tuto-kube/global/networks/default",
            "network_policy": [
              {
                "enabled": false,
                "provider": "PROVIDER_UNSPECIFIED"
              }
            ],
            "networking_mode": "VPC_NATIVE",
            "node_config": [],
            "node_locations": [],
            "node_pool": [],
            "node_pool_auto_config": [],
            "node_pool_defaults": [
              {
                "node_config_defaults": [
                  {
                    "logging_variant": "DEFAULT"
                  }
                ]
              }
            ],
            "node_version": "1.31.6-gke.1020000",
            "notification_config": [
              {
                "pubsub": [
                  {
                    "enabled": false,
                    "filter": [],
                    "topic": ""
                  }
                ]
              }
            ],
            "operation": null,
            "private_cluster_config": [
              {
                "enable_private_endpoint": false,
                "enable_private_nodes": false,
                "master_global_access_config": [
                  {
                    "enabled": false
                  }
                ],
                "master_ipv4_cidr_block": "",
                "peering_name": "",
                "private_endpoint": "10.200.0.14",
                "private_endpoint_subnetwork": "",
                "public_endpoint": "34.163.198.56"
              }
            ],
            "private_ipv6_google_access": "",
            "project": "tuto-kube",
            "release_channel": [
              {
                "channel": "REGULAR"
              }
            ],
            "remove_default_node_pool": true,
            "resource_labels": null,
            "resource_usage_export_config": [],
            "security_posture_config": [
              {
                "mode": "BASIC",
                "vulnerability_mode": "VULNERABILITY_MODE_UNSPECIFIED"
              }
            ],
            "self_link": "https://container.googleapis.com/v1/projects/tuto-kube/zones/europe-west9-a/clusters/my-cluster",
            "service_external_ips_config": [
              {
                "enabled": false
              }
            ],
            "services_ipv4_cidr": "34.118.224.0/20",
            "subnetwork": "projects/tuto-kube/regions/europe-west9/subnetworks/default",
            "timeouts": null,
            "tpu_ipv4_cidr_block": "",
            "vertical_pod_autoscaling": [],
            "workload_identity_config": []
          },
          "sensitive_attributes": [
            [
              {
                "type": "get_attr",
                "value": "master_auth"
              },
              {
                "type": "index",
                "value": {
                  "value": 0,
                  "type": "number"
                }
              },
              {
                "type": "get_attr",
                "value": "client_key"
              }
            ]
          ],
          "private": "eyJlMmJmYjczMC1lY2FhLTExZTYtOGY4OC0zNDM2M2JjN2M0YzAiOnsiY3JlYXRlIjoyNDAwMDAwMDAwMDAwLCJkZWxldGUiOjI0MDAwMDAwMDAwMDAsInJlYWQiOjI0MDAwMDAwMDAwMDAsInVwZGF0ZSI6MzYwMDAwMDAwMDAwMH0sInNjaGVtYV92ZXJzaW9uIjoiMiJ9"
        }
      ]
    }
  ],
  "check_results": null
}
